{
  "version": 1,
  "dependencies": {
    "net10.0": {
      "AWSSDK.S3": {
        "type": "Direct",
        "requested": "[4.0.100.2, )",
        "resolved": "4.0.100.2",
        "contentHash": "t7kVd4ckiEVE79yu4fnjt9X4Rq+M4Kxg0ghGogzP0rGzgtBQY3es9wD6vJXFjEvYy/b3ef31NbKqL7wvHTN5Pg==",
        "dependencies": {
          "AWSSDK.Core": "[4.0.100.2, 5.0.0)"
        }
      },
      "AWSSDK.Core": {
        "type": "Transitive",
        "resolved": "4.0.100.2",
        "contentHash": "1hz6lB2Meymkv9rdOy30p5pIbGpYLK0H4O8XUMGwEMmXUB4FJhyTNk69dLWIFdDUrY66h0NyKy9maHKXMRTwJA=="
      }
    }
  }
}