{
  "version": 1,
  "dependencies": {
    "net10.0": {
      "AWSSDK.S3": {
        "type": "Direct",
        "requested": "[4.0.100, )",
        "resolved": "4.0.100",
        "contentHash": "Pylnc0rbL7DA0hu7F+jNLK8vfQPK8hvP6adOHM6JXUAOlkZJ+BSUCf7+9Cowtz61ripuAGImF8zcvZHY+X6vMA==",
        "dependencies": {
          "AWSSDK.Core": "[4.0.100, 5.0.0)"
        }
      },
      "AWSSDK.Core": {
        "type": "Transitive",
        "resolved": "4.0.100",
        "contentHash": "7BqWwpzoTYsG5w7H2yuhdu7ZG2cw6GANhkKCzygGv0hoOaCXYy4fQu1satpGJ2wtTErM2aXkdo6qKDHgIeSVkA=="
      }
    }
  }
}