{
  "version": 1,
  "dependencies": {
    "net10.0": {
      "AWSSDK.S3": {
        "type": "Direct",
        "requested": "[4.0.25.3, )",
        "resolved": "4.0.25.3",
        "contentHash": "xfvFNskg5x/Z10UkRA2XdQxADgMoBPE4LwrGDvE7EGoK7nqoO1CCmLNy1jteprZDBEHwUAZcIfagEDN7YFhH0Q==",
        "dependencies": {
          "AWSSDK.Core": "[4.0.9.7, 5.0.0)"
        }
      },
      "AWSSDK.Core": {
        "type": "Transitive",
        "resolved": "4.0.9.7",
        "contentHash": "zCk+WKedXq45u92RcqWcZodzwvQryrqNpUWFdEPBm3ExuwDhY3BMF0VYMWiD/ko0ThhChqf9libgIpd/hQuBPQ=="
      }
    }
  }
}